// !$*UTF8*$!
{
	archiveVersion = 1;
	classes = {
	};
	objectVersion = 46;
	objects = {

/* Begin PBXBuildFile section */
		327F0FBFB5D63645AF8CFBFC /* Pods_InstaKiloGram.framework in Frameworks */ = {isa = PBXBuildFile; fileRef = F20A7C24223CCF9CED530083 /* Pods_InstaKiloGram.framework */; };
		8F67FF0E1F5420CE007CA03A /* FancyView.swift in Sources */ = {isa = PBXBuildFile; fileRef = 8F67FF0D1F5420CE007CA03A /* FancyView.swift */; };
		8F67FF111F5421A3007CA03A /* Constants.swift in Sources */ = {isa = PBXBuildFile; fileRef = 8F67FF101F5421A3007CA03A /* Constants.swift */; };
		8F67FF131F5424D0007CA03A /* RoundButton.swift in Sources */ = {isa = PBXBuildFile; fileRef = 8F67FF121F5424D0007CA03A /* RoundButton.swift */; };
		8F67FF151F542806007CA03A /* FancyField.swift in Sources */ = {isa = PBXBuildFile; fileRef = 8F67FF141F542806007CA03A /* FancyField.swift */; };
		8F67FF171F54290C007CA03A /* FancyButton.swift in Sources */ = {isa = PBXBuildFile; fileRef = 8F67FF161F54290C007CA03A /* FancyButton.swift */; };
		8F67FF1A1F54891F007CA03A /* FeedVC.swift in Sources */ = {isa = PBXBuildFile; fileRef = 8F67FF191F54891F007CA03A /* FeedVC.swift */; };
		8FD0D7A91F53507E0064D18D /* AppDelegate.swift in Sources */ = {isa = PBXBuildFile; fileRef = 8FD0D7A81F53507E0064D18D /* AppDelegate.swift */; };
		8FD0D7AB1F53507E0064D18D /* SignInVC.swift in Sources */ = {isa = PBXBuildFile; fileRef = 8FD0D7AA1F53507E0064D18D /* SignInVC.swift */; };
		8FD0D7AE1F53507E0064D18D /* Main.storyboard in Resources */ = {isa = PBXBuildFile; fileRef = 8FD0D7AC1F53507E0064D18D /* Main.storyboard */; };
		8FD0D7B01F53507E0064D18D /* Assets.xcassets in Resources */ = {isa = PBXBuildFile; fileRef = 8FD0D7AF1F53507E0064D18D /* Assets.xcassets */; };
		8FD0D7B31F53507E0064D18D /* LaunchScreen.storyboard in Resources */ = {isa = PBXBuildFile; fileRef = 8FD0D7B11F53507E0064D18D /* LaunchScreen.storyboard */; };
		8FD0D7BB1F5351A10064D18D /* GoogleService-Info.plist in Resources */ = {isa = PBXBuildFile; fileRef = 8FD0D7BA1F5351A10064D18D /* GoogleService-Info.plist */; };
/* End PBXBuildFile section */

/* Begin PBXFileReference section */
		5F8E351A5D11578D53E151AC /* Pods-InstaKiloGram.debug.xcconfig */ = {isa = PBXFileReference; includeInIndex = 1; lastKnownFileType = text.xcconfig; name = "Pods-InstaKiloGram.debug.xcconfig"; path = "Pods/Target Support Files/Pods-InstaKiloGram/Pods-InstaKiloGram.debug.xcconfig"; sourceTree = "<group>"; };
		8F67FF0D1F5420CE007CA03A /* FancyView.swift */ = {isa = PBXFileReference; fileEncoding = 4; lastKnownFileType = sourcecode.swift; path = FancyView.swift; sourceTree = "<group>"; };
		8F67FF101F5421A3007CA03A /* Constants.swift */ = {isa = PBXFileReference; fileEncoding = 4; lastKnownFileType = sourcecode.swift; path = Constants.swift; sourceTree = "<group>"; };
		8F67FF121F5424D0007CA03A /* RoundButton.swift */ = {isa = PBXFileReference; fileEncoding = 4; lastKnownFileType = sourcecode.swift; path = RoundButton.swift; sourceTree = "<group>"; };
		8F67FF141F542806007CA03A /* FancyField.swift */ = {isa = PBXFileReference; fileEncoding = 4; lastKnownFileType = sourcecode.swift; path = FancyField.swift; sourceTree = "<group>"; };
		8F67FF161F54290C007CA03A /* FancyButton.swift */ = {isa = PBXFileReference; fileEncoding = 4; lastKnownFileType = sourcecode.swift; path = FancyButton.swift; sourceTree = "<group>"; };
		8F67FF181F546483007CA03A /* InstaKiloGram.entitlements */ = {isa = PBXFileReference; lastKnownFileType = text.plist.entitlements; path = InstaKiloGram.entitlements; sourceTree = "<group>"; };
		8F67FF191F54891F007CA03A /* FeedVC.swift */ = {isa = PBXFileReference; fileEncoding = 4; lastKnownFileType = sourcecode.swift; path = FeedVC.swift; sourceTree = "<group>"; };
		8FD0D7A51F53507E0064D18D /* InstaKiloGram.app */ = {isa = PBXFileReference; explicitFileType = wrapper.application; includeInIndex = 0; path = InstaKiloGram.app; sourceTree = BUILT_PRODUCTS_DIR; };
		8FD0D7A81F53507E0064D18D /* AppDelegate.swift */ = {isa = PBXFileReference; lastKnownFileType = sourcecode.swift; path = AppDelegate.swift; sourceTree = "<group>"; };
		8FD0D7AA1F53507E0064D18D /* SignInVC.swift */ = {isa = PBXFileReference; lastKnownFileType = sourcecode.swift; path = SignInVC.swift; sourceTree = "<group>"; };
		8FD0D7AD1F53507E0064D18D /* Base */ = {isa = PBXFileReference; lastKnownFileType = file.storyboard; name = Base; path = Base.lproj/Main.storyboard; sourceTree = "<group>"; };
		8FD0D7AF1F53507E0064D18D /* Assets.xcassets */ = {isa = PBXFileReference; lastKnownFileType = folder.assetcatalog; path = Assets.xcassets; sourceTree = "<group>"; };
		8FD0D7B21F53507E0064D18D /* Base */ = {isa = PBXFileReference; lastKnownFileType = file.storyboard; name = Base; path = Base.lproj/LaunchScreen.storyboard; sourceTree = "<group>"; };
		8FD0D7B41F53507E0064D18D /* Info.plist */ = {isa = PBXFileReference; lastKnownFileType = text.plist.xml; path = Info.plist; sourceTree = "<group>"; };
		8FD0D7BA1F5351A10064D18D /* GoogleService-Info.plist */ = {isa = PBXFileReference; fileEncoding = 4; lastKnownFileType = text.plist.xml; path = "GoogleService-Info.plist"; sourceTree = "<group>"; };
		9B3B9C85C649134128673085 /* Pods-InstaKiloGram.release.xcconfig */ = {isa = PBXFileReference; includeInIndex = 1; lastKnownFileType = text.xcconfig; name = "Pods-InstaKiloGram.release.xcconfig"; path = "Pods/Target Support Files/Pods-InstaKiloGram/Pods-InstaKiloGram.release.xcconfig"; sourceTree = "<group>"; };
		F20A7C24223CCF9CED530083 /* Pods_InstaKiloGram.framework */ = {isa = PBXFileReference; explicitFileType = wrapper.framework; includeInIndex = 0; path = Pods_InstaKiloGram.framework; sourceTree = BUILT_PRODUCTS_DIR; };
/* End PBXFileReference section */

/* Begin PBXFrameworksBuildPhase section */
		8FD0D7A21F53507E0064D18D /* Frameworks */ = {
			isa = PBXFrameworksBuildPhase;
			buildActionMask = 2147483647;
			files = (
				327F0FBFB5D63645AF8CFBFC /* Pods_InstaKiloGram.framework in Frameworks */,
			);
			runOnlyForDeploymentPostprocessing = 0;
		};
/* End PBXFrameworksBuildPhase section */

/* Begin PBXGroup section */
		682786A71E469F1B7D6A1BCC /* Frameworks */ = {
			isa = PBXGroup;
			children = (
				F20A7C24223CCF9CED530083 /* Pods_InstaKiloGram.framework */,
			);
			name = Frameworks;
			sourceTree = "<group>";
		};
		8F67FF0A1F540B6B007CA03A /* Model */ = {
			isa = PBXGroup;
			children = (
			);
			name = Model;
			sourceTree = "<group>";
		};
		8F67FF0B1F540B72007CA03A /* View */ = {
			isa = PBXGroup;
			children = (
				8F67FF0D1F5420CE007CA03A /* FancyView.swift */,
				8F67FF121F5424D0007CA03A /* RoundButton.swift */,
				8F67FF141F542806007CA03A /* FancyField.swift */,
				8F67FF161F54290C007CA03A /* FancyButton.swift */,
			);
			name = View;
			sourceTree = "<group>";
		};
		8F67FF0C1F540B77007CA03A /* Controller */ = {
			isa = PBXGroup;
			children = (
				8FD0D7AA1F53507E0064D18D /* SignInVC.swift */,
				8F67FF191F54891F007CA03A /* FeedVC.swift */,
			);
			name = Controller;
			sourceTree = "<group>";
		};
		8F67FF0F1F542187007CA03A /* Utils */ = {
			isa = PBXGroup;
			children = (
				8F67FF101F5421A3007CA03A /* Constants.swift */,
			);
			name = Utils;
			sourceTree = "<group>";
		};
		8FD0D79C1F53507E0064D18D = {
			isa = PBXGroup;
			children = (
				8FD0D7A71F53507E0064D18D /* InstaKiloGram */,
				8FD0D7A61F53507E0064D18D /* Products */,
				DEFF843455B56D1C8DDC09F7 /* Pods */,
				682786A71E469F1B7D6A1BCC /* Frameworks */,
			);
			sourceTree = "<group>";
		};
		8FD0D7A61F53507E0064D18D /* Products */ = {
			isa = PBXGroup;
			children = (
				8FD0D7A51F53507E0064D18D /* InstaKiloGram.app */,
			);
			name = Products;
			sourceTree = "<group>";
		};
		8FD0D7A71F53507E0064D18D /* InstaKiloGram */ = {
			isa = PBXGroup;
			children = (
				8F67FF181F546483007CA03A /* InstaKiloGram.entitlements */,
				8F67FF0F1F542187007CA03A /* Utils */,
				8F67FF0C1F540B77007CA03A /* Controller */,
				8F67FF0B1F540B72007CA03A /* View */,
				8F67FF0A1F540B6B007CA03A /* Model */,
				8FD0D7A81F53507E0064D18D /* AppDelegate.swift */,
				8FD0D7AC1F53507E0064D18D /* Main.storyboard */,
				8FD0D7AF1F53507E0064D18D /* Assets.xcassets */,
				8FD0D7B11F53507E0064D18D /* LaunchScreen.storyboard */,
				8FD0D7B41F53507E0064D18D /* Info.plist */,
				8FD0D7BA1F5351A10064D18D /* GoogleService-Info.plist */,
			);
			path = InstaKiloGram;
			sourceTree = "<group>";
		};
		DEFF843455B56D1C8DDC09F7 /* Pods */ = {
			isa = PBXGroup;
			children = (
				5F8E351A5D11578D53E151AC /* Pods-InstaKiloGram.debug.xcconfig */,
				9B3B9C85C649134128673085 /* Pods-InstaKiloGram.release.xcconfig */,
			);
			name = Pods;
			sourceTree = "<group>";
		};
/* End PBXGroup section */

/* Begin PBXNativeTarget section */
		8FD0D7A41F53507E0064D18D /* InstaKiloGram */ = {
			isa = PBXNativeTarget;
			buildConfigurationList = 8FD0D7B71F53507E0064D18D /* Build configuration list for PBXNativeTarget "InstaKiloGram" */;
			buildPhases = (
				DC5575F1E8FCFFA486A0030F /* [CP] Check Pods Manifest.lock */,
				8FD0D7A11F53507E0064D18D /* Sources */,
				8FD0D7A21F53507E0064D18D /* Frameworks */,
				8FD0D7A31F53507E0064D18D /* Resources */,
				AA2489074DF9C3C7DFFFD473 /* [CP] Embed Pods Frameworks */,
				76692B689AD41AF5FF1F2424 /* [CP] Copy Pods Resources */,
			);
			buildRules = (
			);
			dependencies = (
			);
			name = InstaKiloGram;
			productName = InstaKiloGram;
			productReference = 8FD0D7A51F53507E0064D18D /* InstaKiloGram.app */;
			productType = "com.apple.product-type.application";
		};
/* End PBXNativeTarget section */

/* Begin PBXProject section */
		8FD0D79D1F53507E0064D18D /* Project object */ = {
			isa = PBXProject;
			attributes = {
				LastSwiftUpdateCheck = 0830;
				LastUpgradeCheck = 0830;
				ORGANIZATIONNAME = HistoryMakers;
				TargetAttributes = {
					8FD0D7A41F53507E0064D18D = {
						CreatedOnToolsVersion = 8.3.3;
						DevelopmentTeam = RGDJ2NA43B;
						ProvisioningStyle = Automatic;
						SystemCapabilities = {
							com.apple.Keychain = {
								enabled = 0;
							};
						};
					};
				};
			};
			buildConfigurationList = 8FD0D7A01F53507E0064D18D /* Build configuration list for PBXProject "InstaKiloGram" */;
			compatibilityVersion = "Xcode 3.2";
			developmentRegion = English;
			hasScannedForEncodings = 0;
			knownRegions = (
				en,
				Base,
			);
			mainGroup = 8FD0D79C1F53507E0064D18D;
			productRefGroup = 8FD0D7A61F53507E0064D18D /* Products */;
			projectDirPath = "";
			projectRoot = "";
			targets = (
				8FD0D7A41F53507E0064D18D /* InstaKiloGram */,
			);
		};
/* End PBXProject section */

/* Begin PBXResourcesBuildPhase section */
		8FD0D7A31F53507E0064D18D /* Resources */ = {
			isa = PBXResourcesBuildPhase;
			buildActionMask = 2147483647;
			files = (
				8FD0D7B31F53507E0064D18D /* LaunchScreen.storyboard in Resources */,
				8FD0D7B01F53507E0064D18D /* Assets.xcassets in Resources */,
				8FD0D7AE1F53507E0064D18D /* Main.storyboard in Resources */,
				8FD0D7BB1F5351A10064D18D /* GoogleService-Info.plist in Resources */,
			);
			runOnlyForDeploymentPostprocessing = 0;
		};
/* End PBXResourcesBuildPhase section */

/* Begin PBXShellScriptBuildPhase section */
		76692B689AD41AF5FF1F2424 /* [CP] Copy Pods Resources */ = {
			isa = PBXShellScriptBuildPhase;
			buildActionMask = 2147483647;
			files = (
			);
			inputPaths = (
			);
			name = "[CP] Copy Pods Resources";
			outputPaths = (
			);
			runOnlyForDeploymentPostprocessing = 0;
			shellPath = /bin/sh;
			shellScript = "\"${SRCROOT}/Pods/Target Support Files/Pods-InstaKiloGram/Pods-InstaKiloGram-resources.sh\"\n";
			showEnvVarsInLog = 0;
		};
		AA2489074DF9C3C7DFFFD473 /* [CP] Embed Pods Frameworks */ = {
			isa = PBXShellScriptBuildPhase;
			buildActionMask = 2147483647;
			files = (
			);
			inputPaths = (
				"${SRCROOT}/Pods/Target Support Files/Pods-InstaKiloGram/Pods-InstaKiloGram-frameworks.sh",
				"${BUILT_PRODUCTS_DIR}/Bolts/Bolts.framework",
				"${BUILT_PRODUCTS_DIR}/FBSDKCoreKit/FBSDKCoreKit.framework",
				"${BUILT_PRODUCTS_DIR}/FBSDKLoginKit/FBSDKLoginKit.framework",
				"${BUILT_PRODUCTS_DIR}/GTMSessionFetcher/GTMSessionFetcher.framework",
				"${BUILT_PRODUCTS_DIR}/GoogleToolboxForMac/GoogleToolboxForMac.framework",
				"${BUILT_PRODUCTS_DIR}/SwiftKeychainWrapper/SwiftKeychainWrapper.framework",
				"${BUILT_PRODUCTS_DIR}/leveldb-library/leveldb.framework",
				"${BUILT_PRODUCTS_DIR}/nanopb/nanopb.framework",
			);
			name = "[CP] Embed Pods Frameworks";
			outputPaths = (
				"${TARGET_BUILD_DIR}/${FRAMEWORKS_FOLDER_PATH}/Bolts.framework",
				"${TARGET_BUILD_DIR}/${FRAMEWORKS_FOLDER_PATH}/FBSDKCoreKit.framework",
				"${TARGET_BUILD_DIR}/${FRAMEWORKS_FOLDER_PATH}/FBSDKLoginKit.framework",
				"${TARGET_BUILD_DIR}/${FRAMEWORKS_FOLDER_PATH}/GTMSessionFetcher.framework",
				"${TARGET_BUILD_DIR}/${FRAMEWORKS_FOLDER_PATH}/GoogleToolboxForMac.framework",
				"${TARGET_BUILD_DIR}/${FRAMEWORKS_FOLDER_PATH}/SwiftKeychainWrapper.framework",
				"${TARGET_BUILD_DIR}/${FRAMEWORKS_FOLDER_PATH}/leveldb.framework",
				"${TARGET_BUILD_DIR}/${FRAMEWORKS_FOLDER_PATH}/nanopb.framework",
			);
			runOnlyForDeploymentPostprocessing = 0;
			shellPath = /bin/sh;
			shellScript = "\"${SRCROOT}/Pods/Target Support Files/Pods-InstaKiloGram/Pods-InstaKiloGram-frameworks.sh\"\n";
			showEnvVarsInLog = 0;
		};
		DC5575F1E8FCFFA486A0030F /* [CP] Check Pods Manifest.lock */ = {
			isa = PBXShellScriptBuildPhase;
			buildActionMask = 2147483647;
			files = (
			);
			inputPaths = (
				"${PODS_PODFILE_DIR_PATH}/Podfile.lock",
				"${PODS_ROOT}/Manifest.lock",
			);
			name = "[CP] Check Pods Manifest.lock";
			outputPaths = (
				"$(DERIVED_FILE_DIR)/Pods-InstaKiloGram-checkManifestLockResult.txt",
			);
			runOnlyForDeploymentPostprocessing = 0;
			shellPath = /bin/sh;
			shellScript = "diff \"${PODS_PODFILE_DIR_PATH}/Podfile.lock\" \"${PODS_ROOT}/Manifest.lock\" > /dev/null\nif [ $? != 0 ] ; then\n    # print error to STDERR\n    echo \"error: The sandbox is not in sync with the Podfile.lock. Run 'pod install' or update your CocoaPods installation.\" >&2\n    exit 1\nfi\n# This output is used by Xcode 'outputs' to avoid re-running this script phase.\necho \"SUCCESS\" > \"${SCRIPT_OUTPUT_FILE_0}\"\n";
			showEnvVarsInLog = 0;
		};
/* End PBXShellScriptBuildPhase section */

/* Begin PBXSourcesBuildPhase section */
		8FD0D7A11F53507E0064D18D /* Sources */ = {
			isa = PBXSourcesBuildPhase;
			buildActionMask = 2147483647;
			files = (
				8F67FF151F542806007CA03A /* FancyField.swift in Sources */,
				8FD0D7AB1F53507E0064D18D /* SignInVC.swift in Sources */,
				8F67FF131F5424D0007CA03A /* RoundButton.swift in Sources */,
				8F67FF171F54290C007CA03A /* FancyButton.swift in Sources */,
				8F67FF1A1F54891F007CA03A /* FeedVC.swift in Sources */,
				8FD0D7A91F53507E0064D18D /* AppDelegate.swift in Sources */,
				8F67FF0E1F5420CE007CA03A /* FancyView.swift in Sources */,
				8F67FF111F5421A3007CA03A /* Constants.swift in Sources */,
			);
			runOnlyForDeploymentPostprocessing = 0;
		};
/* End PBXSourcesBuildPhase section */

/* Begin PBXVariantGroup section */
		8FD0D7AC1F53507E0064D18D /* Main.storyboard */ = {
			isa = PBXVariantGroup;
			children = (
				8FD0D7AD1F53507E0064D18D /* Base */,
			);
			name = Main.storyboard;
			sourceTree = "<group>";
		};
		8FD0D7B11F53507E0064D18D /* LaunchScreen.storyboard */ = {
			isa = PBXVariantGroup;
			children = (
				8FD0D7B21F53507E0064D18D /* Base */,
			);
			name = LaunchScreen.storyboard;
			sourceTree = "<group>";
		};
/* End PBXVariantGroup section */

/* Begin XCBuildConfiguration section */
		8FD0D7B51F53507E0064D18D /* Debug */ = {
			isa = XCBuildConfiguration;
			buildSettings = {
				ALWAYS_SEARCH_USER_PATHS = NO;
				CLANG_ANALYZER_NONNULL = YES;
				CLANG_ANALYZER_NUMBER_OBJECT_CONVERSION = YES_AGGRESSIVE;
				CLANG_CXX_LANGUAGE_STANDARD = "gnu++0x";
				CLANG_CXX_LIBRARY = "libc++";
				CLANG_ENABLE_MODULES = YES;
				CLANG_ENABLE_OBJC_ARC = YES;
				CLANG_WARN_BOOL_CONVERSION = YES;
				CLANG_WARN_CONSTANT_CONVERSION = YES;
				CLANG_WARN_DIRECT_OBJC_ISA_USAGE = YES_ERROR;
				CLANG_WARN_DOCUMENTATION_COMMENTS = YES;
				CLANG_WARN_EMPTY_BODY = YES;
				CLANG_WARN_ENUM_CONVERSION = YES;
				CLANG_WARN_INFINITE_RECURSION = YES;
				CLANG_WARN_INT_CONVERSION = YES;
				CLANG_WARN_OBJC_ROOT_CLASS = YES_ERROR;
				CLANG_WARN_SUSPICIOUS_MOVE = YES;
				CLANG_WARN_UNREACHABLE_CODE = YES;
				CLANG_WARN__DUPLICATE_METHOD_MATCH = YES;
				"CODE_SIGN_IDENTITY[sdk=iphoneos*]" = "iPhone Developer";
				COPY_PHASE_STRIP = NO;
				DEBUG_INFORMATION_FORMAT = dwarf;
				ENABLE_STRICT_OBJC_MSGSEND = YES;
				ENABLE_TESTABILITY = YES;
				GCC_C_LANGUAGE_STANDARD = gnu99;
				GCC_DYNAMIC_NO_PIC = NO;
				GCC_NO_COMMON_BLOCKS = YES;
				GCC_OPTIMIZATION_LEVEL = 0;
				GCC_PREPROCESSOR_DEFINITIONS = (
					"DEBUG=1",
					"$(inherited)",
				);
				GCC_WARN_64_TO_32_BIT_CONVERSION = YES;
				GCC_WARN_ABOUT_RETURN_TYPE = YES_ERROR;
				GCC_WARN_UNDECLARED_SELECTOR = YES;
				GCC_WARN_UNINITIALIZED_AUTOS = YES_AGGRESSIVE;
				GCC_WARN_UNUSED_FUNCTION = YES;
				GCC_WARN_UNUSED_VARIABLE = YES;
				IPHONEOS_DEPLOYMENT_TARGET = 10.3;
				MTL_ENABLE_DEBUG_INFO = YES;
				ONLY_ACTIVE_ARCH = YES;
				SDKROOT = iphoneos;
				SWIFT_ACTIVE_COMPILATION_CONDITIONS = DEBUG;
				SWIFT_OPTIMIZATION_LEVEL = "-Onone";
			};
			name = Debug;
		};
		8FD0D7B61F53507E0064D18D /* Release */ = {
			isa = XCBuildConfiguration;
			buildSettings = {
				ALWAYS_SEARCH_USER_PATHS = NO;
				CLANG_ANALYZER_NONNULL = YES;
				CLANG_ANALYZER_NUMBER_OBJECT_CONVERSION = YES_AGGRESSIVE;
				CLANG_CXX_LANGUAGE_STANDARD = "gnu++0x";
				CLANG_CXX_LIBRARY = "libc++";
				CLANG_ENABLE_MODULES = YES;
				CLANG_ENABLE_OBJC_ARC = YES;
				CLANG_WARN_BOOL_CONVERSION = YES;
				CLANG_WARN_CONSTANT_CONVERSION = YES;
				CLANG_WARN_DIRECT_OBJC_ISA_USAGE = YES_ERROR;
				CLANG_WARN_DOCUMENTATION_COMMENTS = YES;
				CLANG_WARN_EMPTY_BODY = YES;
				CLANG_WARN_ENUM_CONVERSION = YES;
				CLANG_WARN_INFINITE_RECURSION = YES;
				CLANG_WARN_INT_CONVERSION = YES;
				CLANG_WARN_OBJC_ROOT_CLASS = YES_ERROR;
				CLANG_WARN_SUSPICIOUS_MOVE = YES;
				CLANG_WARN_UNREACHABLE_CODE = YES;
				CLANG_WARN__DUPLICATE_METHOD_MATCH = YES;
				"CODE_SIGN_IDENTITY[sdk=iphoneos*]" = "iPhone Developer";
				COPY_PHASE_STRIP = NO;
				DEBUG_INFORMATION_FORMAT = "dwarf-with-dsym";
				ENABLE_NS_ASSERTIONS = NO;
				ENABLE_STRICT_OBJC_MSGSEND = YES;
				GCC_C_LANGUAGE_STANDARD = gnu99;
				GCC_NO_COMMON_BLOCKS = YES;
				GCC_WARN_64_TO_32_BIT_CONVERSION = YES;
				GCC_WARN_ABOUT_RETURN_TYPE = YES_ERROR;
				GCC_WARN_UNDECLARED_SELECTOR = YES;
				GCC_WARN_UNINITIALIZED_AUTOS = YES_AGGRESSIVE;
				GCC_WARN_UNUSED_FUNCTION = YES;
				GCC_WARN_UNUSED_VARIABLE = YES;
				IPHONEOS_DEPLOYMENT_TARGET = 10.3;
				MTL_ENABLE_DEBUG_INFO = NO;
				SDKROOT = iphoneos;
				SWIFT_OPTIMIZATION_LEVEL = "-Owholemodule";
				VALIDATE_PRODUCT = YES;
			};
			name = Release;
		};
		8FD0D7B81F53507E0064D18D /* Debug */ = {
			isa = XCBuildConfiguration;
			baseConfigurationReference = 5F8E351A5D11578D53E151AC /* Pods-InstaKiloGram.debug.xcconfig */;
			buildSettings = {
				ASSETCATALOG_COMPILER_APPICON_NAME = AppIcon;
				DEVELOPMENT_TEAM = RGDJ2NA43B;
				INFOPLIST_FILE = InstaKiloGram/Info.plist;
				LD_RUNPATH_SEARCH_PATHS = "$(inherited) @executable_path/Frameworks";
				PRODUCT_BUNDLE_IDENTIFIER = com.historymakers.InstaKiloGram;
				PRODUCT_NAME = "$(TARGET_NAME)";
				SWIFT_VERSION = 3.0;
			};
			name = Debug;
		};
		8FD0D7B91F53507E0064D18D /* Release */ = {
			isa = XCBuildConfiguration;
			baseConfigurationReference = 9B3B9C85C649134128673085 /* Pods-InstaKiloGram.release.xcconfig */;
			buildSettings = {
				ASSETCATALOG_COMPILER_APPICON_NAME = AppIcon;
				DEVELOPMENT_TEAM = RGDJ2NA43B;
				INFOPLIST_FILE = InstaKiloGram/Info.plist;
				LD_RUNPATH_SEARCH_PATHS = "$(inherited) @executable_path/Frameworks";
				PRODUCT_BUNDLE_IDENTIFIER = com.historymakers.InstaKiloGram;
				PRODUCT_NAME = "$(TARGET_NAME)";
				SWIFT_VERSION = 3.0;
			};
			name = Release;
		};
/* End XCBuildConfiguration section */

/* Begin XCConfigurationList section */
		8FD0D7A01F53507E0064D18D /* Build configuration list for PBXProject "InstaKiloGram" */ = {
			isa = XCConfigurationList;
			buildConfigurations = (
				8FD0D7B51F53507E0064D18D /* Debug */,
				8FD0D7B61F53507E0064D18D /* Release */,
			);
			defaultConfigurationIsVisible = 0;
			defaultConfigurationName = Release;
		};
		8FD0D7B71F53507E0064D18D /* Build configuration list for PBXNativeTarget "InstaKiloGram" */ = {
			isa = XCConfigurationList;
			buildConfigurations = (
				8FD0D7B81F53507E0064D18D /* Debug */,
				8FD0D7B91F53507E0064D18D /* Release */,
			);
			defaultConfigurationIsVisible = 0;
			defaultConfigurationName = Release;
		};
/* End XCConfigurationList section */
	};
	rootObject = 8FD0D79D1F53507E0064D18D /* Project object */;
}
